
Microsoft Visual Studio Solution File, Format Version 12.00
# Visual Studio Version 17
VisualStudioVersion = 17.1.32228.430
MinimumVisualStudioVersion = 10.0.40219.1
Project("{8BC9CEB8-8B4A-11D0-8D11-00A0C91BC942}") = "pig-dice-cpp", "pig-dice-cpp\pig-dice-cpp.vcxproj", "{83A7BB56-55E8-4A81-A55B-A0CAE4058886}"
EndProject
Global
	GlobalSection(SolutionConfigurationPlatforms) = preSolution
		Debug|x64 = Debug|x64
		Debug|x86 = Debug|x86
		Release|x64 = Release|x64
		Release|x86 = Release|x86
	EndGlobalSection
	GlobalSection(ProjectConfigurationPlatforms) = postSolution
		{83A7BB56-55E8-4A81-A55B-A0CAE4058886}.Debug|x64.ActiveCfg = Debug|x64
		{83A7BB56-55E8-4A81-A55B-A0CAE4058886}.Debug|x64.Build.0 = Debug|x64
		{83A7BB56-55E8-4A81-A55B-A0CAE4058886}.Debug|x86.ActiveCfg = Debug|Win32
		{83A7BB56-55E8-4A81-A55B-A0CAE4058886}.Debug|x86.Build.0 = Debug|Win32
		{83A7BB56-55E8-4A81-A55B-A0CAE4058886}.Release|x64.ActiveCfg = Release|x64
		{83A7BB56-55E8-4A81-A55B-A0CAE4058886}.Release|x64.Build.0 = Release|x64
		{83A7BB56-55E8-4A81-A55B-A0CAE4058886}.Release|x86.ActiveCfg = Release|Win32
		{83A7BB56-55E8-4A81-A55B-A0CAE4058886}.Release|x86.Build.0 = Release|Win32
	EndGlobalSection
	GlobalSection(SolutionProperties) = preSolution
		HideSolutionNode = FALSE
	EndGlobalSection
	GlobalSection(ExtensibilityGlobals) = postSolution
		SolutionGuid = {E2BC5289-5BBA-4CED-A2EF-7B4CC410EE6D}
	EndGlobalSection
EndGlobal
